
Microsoft Visual Studio Solution File, Format Version 12.00
# Visual Studio 2013
VisualStudioVersion = 12.0.40629.0
MinimumVisualStudioVersion = 10.0.40219.1
Project("{FAE04EC0-301F-11D3-BF4B-00C04F79EFBC}") = "Code.StackExchange_Redis", "Code.StackExchange_Redis\Code.StackExchange_Redis\Code.StackExchange_Redis.csproj", "{8DBA43C0-AA4A-49BF-9E70-321AC28577DD}"
EndProject
Project("{FAE04EC0-301F-11D3-BF4B-00C04F79EFBC}") = "Code.Dapper", "Code.Dapper\Code.Dapper\Code.Dapper.csproj", "{E922684E-2E15-45A1-9957-AA6FAF4908B1}"
EndProject
Project("{FAE04EC0-301F-11D3-BF4B-00C04F79EFBC}") = "Code.PS", "Code.PS\Code.PS.csproj", "{B01474A4-3899-4C66-999A-382BF8778F5E}"
EndProject
Global
	GlobalSection(SolutionConfigurationPlatforms) = preSolution
		Debug|Any CPU = Debug|Any CPU
		Release|Any CPU = Release|Any CPU
	EndGlobalSection
	GlobalSection(ProjectConfigurationPlatforms) = postSolution
		{8DBA43C0-AA4A-49BF-9E70-321AC28577DD}.Debug|Any CPU.ActiveCfg = Debug|Any CPU
		{8DBA43C0-AA4A-49BF-9E70-321AC28577DD}.Debug|Any CPU.Build.0 = Debug|Any CPU
		{8DBA43C0-AA4A-49BF-9E70-321AC28577DD}.Release|Any CPU.ActiveCfg = Release|Any CPU
		{8DBA43C0-AA4A-49BF-9E70-321AC28577DD}.Release|Any CPU.Build.0 = Release|Any CPU
		{E922684E-2E15-45A1-9957-AA6FAF4908B1}.Debug|Any CPU.ActiveCfg = Debug|Any CPU
		{E922684E-2E15-45A1-9957-AA6FAF4908B1}.Debug|Any CPU.Build.0 = Debug|Any CPU
		{E922684E-2E15-45A1-9957-AA6FAF4908B1}.Release|Any CPU.ActiveCfg = Release|Any CPU
		{E922684E-2E15-45A1-9957-AA6FAF4908B1}.Release|Any CPU.Build.0 = Release|Any CPU
		{B01474A4-3899-4C66-999A-382BF8778F5E}.Debug|Any CPU.ActiveCfg = Debug|Any CPU
		{B01474A4-3899-4C66-999A-382BF8778F5E}.Debug|Any CPU.Build.0 = Debug|Any CPU
		{B01474A4-3899-4C66-999A-382BF8778F5E}.Release|Any CPU.ActiveCfg = Release|Any CPU
		{B01474A4-3899-4C66-999A-382BF8778F5E}.Release|Any CPU.Build.0 = Release|Any CPU
	EndGlobalSection
	GlobalSection(SolutionProperties) = preSolution
		HideSolutionNode = FALSE
	EndGlobalSection
EndGlobal
